
Microsoft Visual Studio Solution File, Format Version 12.00
# Visual Studio Version 16
VisualStudioVersion = 16.0.34301.259
MinimumVisualStudioVersion = 10.0.40219.1
Project("{9A19103F-16F7-4668-BE54-9A1E7A4F7556}") = "CSharp_GUI", "CSharp_GUI\CSharp_GUI.csproj", "{904EF08B-BD43-4C00-8743-8B9DC8B25F98}"
EndProject
Project("{FAE04EC0-301F-11D3-BF4B-00C04F79EFBC}") = "lab2", "lab2\lab2.csproj", "{D08FE853-C3F8-4666-BBAE-40FE244AA94B}"
EndProject
Global
	GlobalSection(SolutionConfigurationPlatforms) = preSolution
		Debug|Any CPU = Debug|Any CPU
		Release|Any CPU = Release|Any CPU
	EndGlobalSection
	GlobalSection(ProjectConfigurationPlatforms) = postSolution
		{904EF08B-BD43-4C00-8743-8B9DC8B25F98}.Debug|Any CPU.ActiveCfg = Debug|Any CPU
		{904EF08B-BD43-4C00-8743-8B9DC8B25F98}.Debug|Any CPU.Build.0 = Debug|Any CPU
		{904EF08B-BD43-4C00-8743-8B9DC8B25F98}.Release|Any CPU.ActiveCfg = Release|Any CPU
		{904EF08B-BD43-4C00-8743-8B9DC8B25F98}.Release|Any CPU.Build.0 = Release|Any CPU
		{D08FE853-C3F8-4666-BBAE-40FE244AA94B}.Debug|Any CPU.ActiveCfg = Debug|Any CPU
		{D08FE853-C3F8-4666-BBAE-40FE244AA94B}.Debug|Any CPU.Build.0 = Debug|Any CPU
		{D08FE853-C3F8-4666-BBAE-40FE244AA94B}.Release|Any CPU.ActiveCfg = Release|Any CPU
		{D08FE853-C3F8-4666-BBAE-40FE244AA94B}.Release|Any CPU.Build.0 = Release|Any CPU
	EndGlobalSection
	GlobalSection(SolutionProperties) = preSolution
		HideSolutionNode = FALSE
	EndGlobalSection
	GlobalSection(ExtensibilityGlobals) = postSolution
		SolutionGuid = {73ECC600-BE4F-416A-B26B-59017596589F}
	EndGlobalSection
EndGlobal
